
Microsoft Visual Studio Solution File, Format Version 12.00
# Visual Studio 2017
Project("{FAE04EC0-301F-11D3-BF4B-00C04F79EFBC}") = "Auscultation", "Auscultation.csproj", "{E0D2C2DE-1F8B-0029-1E54-72A4EE6BE130}"
EndProject
Project("{FAE04EC0-301F-11D3-BF4B-00C04F79EFBC}") = "Auscultation.Editor", "Auscultation.Editor.csproj", "{F8AE8C0D-1FE3-98E1-DCC1-D4938F5524FA}"
EndProject
Global
	GlobalSection(SolutionConfigurationPlatforms) = preSolution
		Debug|Any CPU = Debug|Any CPU
		Release|Any CPU = Release|Any CPU
	EndGlobalSection
	GlobalSection(ProjectConfigurationPlatforms) = postSolution
		{E0D2C2DE-1F8B-0029-1E54-72A4EE6BE130}.Debug|Any CPU.ActiveCfg = Debug|Any CPU
		{E0D2C2DE-1F8B-0029-1E54-72A4EE6BE130}.Debug|Any CPU.Build.0 = Debug|Any CPU
		{E0D2C2DE-1F8B-0029-1E54-72A4EE6BE130}.Release|Any CPU.ActiveCfg = Release|Any CPU
		{E0D2C2DE-1F8B-0029-1E54-72A4EE6BE130}.Release|Any CPU.Build.0 = Release|Any CPU
		{F8AE8C0D-1FE3-98E1-DCC1-D4938F5524FA}.Debug|Any CPU.ActiveCfg = Debug|Any CPU
		{F8AE8C0D-1FE3-98E1-DCC1-D4938F5524FA}.Debug|Any CPU.Build.0 = Debug|Any CPU
		{F8AE8C0D-1FE3-98E1-DCC1-D4938F5524FA}.Release|Any CPU.ActiveCfg = Release|Any CPU
		{F8AE8C0D-1FE3-98E1-DCC1-D4938F5524FA}.Release|Any CPU.Build.0 = Release|Any CPU
	EndGlobalSection
	GlobalSection(SolutionProperties) = preSolution
		HideSolutionNode = FALSE
	EndGlobalSection
EndGlobal
